
Microsoft Visual Studio Solution File, Format Version 12.00
# Visual Studio Version 17
VisualStudioVersion = 17.0.31903.59
MinimumVisualStudioVersion = 10.0.40219.1
Project("{FAE04EC0-301F-11D3-BF4B-00C04F79EFBC}") = "RealEstateApp.Core.Domain", "RealEstateApp.Core.Domain\RealEstateApp.Core.Domain.csproj", "{1230D8E2-42D3-498F-A172-D7DBB926F3D7}"
EndProject
Project("{FAE04EC0-301F-11D3-BF4B-00C04F79EFBC}") = "RealEstateApp.Core.Application", "RealEstateApp.Core.Application\RealEstateApp.Core.Application.csproj", "{1FBC85B2-D05A-43C1-ABAB-0DB49A9E8B15}"
EndProject
Project("{FAE04EC0-301F-11D3-BF4B-00C04F79EFBC}") = "RealEstateApp.Infrastructure.Persistence", "RealEstateApp.Infrastructure.Persistence\RealEstateApp.Infrastructure.Persistence.csproj", "{D247BEB0-6E72-44E5-9019-CAAE0A5C1D19}"
EndProject
Project("{FAE04EC0-301F-11D3-BF4B-00C04F79EFBC}") = "RealEstateApp.Infrastructure.Identity", "RealEstateApp.Infrastructure.Identity\RealEstateApp.Infrastructure.Identity.csproj", "{22E7D452-443B-47CE-A6FF-22A11D061690}"
EndProject
Project("{FAE04EC0-301F-11D3-BF4B-00C04F79EFBC}") = "RealEstateApp.Infrastructure.Shared", "RealEstateApp.Infrastructure.Shared\RealEstateApp.Infrastructure.Shared.csproj", "{875717EF-6DBF-46BC-A236-2B50D21587FD}"
EndProject
Project("{FAE04EC0-301F-11D3-BF4B-00C04F79EFBC}") = "RealEstateApp.WebApp", "RealEstateApp.WebApp\RealEstateApp.WebApp.csproj", "{8266762D-5636-4BBF-A774-46AD2F295DCD}"
EndProject
Project("{FAE04EC0-301F-11D3-BF4B-00C04F79EFBC}") = "RealEstateApp.WebApi", "RealEstateApp.WebApi\RealEstateApp.WebApi.csproj", "{5714DBA5-CD67-4D09-9FAE-77781FC44E59}"
EndProject
Project("{2150E333-8FDC-42A3-9474-1A3956D46DE8}") = "Source", "Source", "{02EA681E-C7D8-13C7-8484-4AC65E1B71E8}"
EndProject
Project("{2150E333-8FDC-42A3-9474-1A3956D46DE8}") = "Core", "Core", "{C2489B16-577C-4A9B-931E-F1B335261D7E}"
EndProject
Project("{2150E333-8FDC-42A3-9474-1A3956D46DE8}") = "Infrastructure", "Infrastructure", "{4D5750C7-B799-4074-8413-DB4046923D84}"
EndProject
Project("{2150E333-8FDC-42A3-9474-1A3956D46DE8}") = "Presentation", "Presentation", "{D4E02D9A-2DF2-4500-95E0-5802C4EBC8A3}"
EndProject
Project("{2150E333-8FDC-42A3-9474-1A3956D46DE8}") = "WebApp", "WebApp", "{79CCC15B-CDFD-4634-BFC4-3409FA1577BE}"
EndProject
Project("{2150E333-8FDC-42A3-9474-1A3956D46DE8}") = "WebApi", "WebApi", "{CDF794B0-8114-4BB0-89A7-B7D0525CB217}"
EndProject
Project("{2150E333-8FDC-42A3-9474-1A3956D46DE8}") = "AzureFuntions", "AzureFuntions", "{5BAB8694-E672-488F-B67B-C946C737BC4E}"
EndProject
Project("{2150E333-8FDC-42A3-9474-1A3956D46DE8}") = "Tests", "Tests", "{E8D7151B-39DE-4587-8955-DAC434D22E2A}"
EndProject
Project("{FAE04EC0-301F-11D3-BF4B-00C04F79EFBC}") = "RealEstateApp.Integration.Tests", "RealEstateApp.Integration.Tests\RealEstateApp.Integration.Tests.csproj", "{54DE33D0-BEE2-4806-A2D8-7AB1D5DCFF27}"
EndProject
Project("{FAE04EC0-301F-11D3-BF4B-00C04F79EFBC}") = "RealEstateApp.Unit.Tests", "RealEstateApp.Unit.Tests\RealEstateApp.Unit.Tests.csproj", "{9E4C78DD-2D67-4E48-B00F-1F41FF00F94C}"
EndProject
Global
	GlobalSection(SolutionConfigurationPlatforms) = preSolution
		Debug|Any CPU = Debug|Any CPU
		Debug|x64 = Debug|x64
		Debug|x86 = Debug|x86
		Release|Any CPU = Release|Any CPU
		Release|x64 = Release|x64
		Release|x86 = Release|x86
	EndGlobalSection
	GlobalSection(ProjectConfigurationPlatforms) = postSolution
		{1230D8E2-42D3-498F-A172-D7DBB926F3D7}.Debug|Any CPU.ActiveCfg = Debug|Any CPU
		{1230D8E2-42D3-498F-A172-D7DBB926F3D7}.Debug|Any CPU.Build.0 = Debug|Any CPU
		{1230D8E2-42D3-498F-A172-D7DBB926F3D7}.Debug|x64.ActiveCfg = Debug|Any CPU
		{1230D8E2-42D3-498F-A172-D7DBB926F3D7}.Debug|x64.Build.0 = Debug|Any CPU
		{1230D8E2-42D3-498F-A172-D7DBB926F3D7}.Debug|x86.ActiveCfg = Debug|Any CPU
		{1230D8E2-42D3-498F-A172-D7DBB926F3D7}.Debug|x86.Build.0 = Debug|Any CPU
		{1230D8E2-42D3-498F-A172-D7DBB926F3D7}.Release|Any CPU.ActiveCfg = Release|Any CPU
		{1230D8E2-42D3-498F-A172-D7DBB926F3D7}.Release|Any CPU.Build.0 = Release|Any CPU
		{1230D8E2-42D3-498F-A172-D7DBB926F3D7}.Release|x64.ActiveCfg = Release|Any CPU
		{1230D8E2-42D3-498F-A172-D7DBB926F3D7}.Release|x64.Build.0 = Release|Any CPU
		{1230D8E2-42D3-498F-A172-D7DBB926F3D7}.Release|x86.ActiveCfg = Release|Any CPU
		{1230D8E2-42D3-498F-A172-D7DBB926F3D7}.Release|x86.Build.0 = Release|Any CPU
		{1FBC85B2-D05A-43C1-ABAB-0DB49A9E8B15}.Debug|Any CPU.ActiveCfg = Debug|Any CPU
		{1FBC85B2-D05A-43C1-ABAB-0DB49A9E8B15}.Debug|Any CPU.Build.0 = Debug|Any CPU
		{1FBC85B2-D05A-43C1-ABAB-0DB49A9E8B15}.Debug|x64.ActiveCfg = Debug|Any CPU
		{1FBC85B2-D05A-43C1-ABAB-0DB49A9E8B15}.Debug|x64.Build.0 = Debug|Any CPU
		{1FBC85B2-D05A-43C1-ABAB-0DB49A9E8B15}.Debug|x86.ActiveCfg = Debug|Any CPU
		{1FBC85B2-D05A-43C1-ABAB-0DB49A9E8B15}.Debug|x86.Build.0 = Debug|Any CPU
		{1FBC85B2-D05A-43C1-ABAB-0DB49A9E8B15}.Release|Any CPU.ActiveCfg = Release|Any CPU
		{1FBC85B2-D05A-43C1-ABAB-0DB49A9E8B15}.Release|Any CPU.Build.0 = Release|Any CPU
		{1FBC85B2-D05A-43C1-ABAB-0DB49A9E8B15}.Release|x64.ActiveCfg = Release|Any CPU
		{1FBC85B2-D05A-43C1-ABAB-0DB49A9E8B15}.Release|x64.Build.0 = Release|Any CPU
		{1FBC85B2-D05A-43C1-ABAB-0DB49A9E8B15}.Release|x86.ActiveCfg = Release|Any CPU
		{1FBC85B2-D05A-43C1-ABAB-0DB49A9E8B15}.Release|x86.Build.0 = Release|Any CPU
		{D247BEB0-6E72-44E5-9019-CAAE0A5C1D19}.Debug|Any CPU.ActiveCfg = Debug|Any CPU
		{D247BEB0-6E72-44E5-9019-CAAE0A5C1D19}.Debug|Any CPU.Build.0 = Debug|Any CPU
		{D247BEB0-6E72-44E5-9019-CAAE0A5C1D19}.Debug|x64.ActiveCfg = Debug|Any CPU
		{D247BEB0-6E72-44E5-9019-CAAE0A5C1D19}.Debug|x64.Build.0 = Debug|Any CPU
		{D247BEB0-6E72-44E5-9019-CAAE0A5C1D19}.Debug|x86.ActiveCfg = Debug|Any CPU
		{D247BEB0-6E72-44E5-9019-CAAE0A5C1D19}.Debug|x86.Build.0 = Debug|Any CPU
		{D247BEB0-6E72-44E5-9019-CAAE0A5C1D19}.Release|Any CPU.ActiveCfg = Release|Any CPU
		{D247BEB0-6E72-44E5-9019-CAAE0A5C1D19}.Release|Any CPU.Build.0 = Release|Any CPU
		{D247BEB0-6E72-44E5-9019-CAAE0A5C1D19}.Release|x64.ActiveCfg = Release|Any CPU
		{D247BEB0-6E72-44E5-9019-CAAE0A5C1D19}.Release|x64.Build.0 = Release|Any CPU
		{D247BEB0-6E72-44E5-9019-CAAE0A5C1D19}.Release|x86.ActiveCfg = Release|Any CPU
		{D247BEB0-6E72-44E5-9019-CAAE0A5C1D19}.Release|x86.Build.0 = Release|Any CPU
		{22E7D452-443B-47CE-A6FF-22A11D061690}.Debug|Any CPU.ActiveCfg = Debug|Any CPU
		{22E7D452-443B-47CE-A6FF-22A11D061690}.Debug|Any CPU.Build.0 = Debug|Any CPU
		{22E7D452-443B-47CE-A6FF-22A11D061690}.Debug|x64.ActiveCfg = Debug|Any CPU
		{22E7D452-443B-47CE-A6FF-22A11D061690}.Debug|x64.Build.0 = Debug|Any CPU
		{22E7D452-443B-47CE-A6FF-22A11D061690}.Debug|x86.ActiveCfg = Debug|Any CPU
		{22E7D452-443B-47CE-A6FF-22A11D061690}.Debug|x86.Build.0 = Debug|Any CPU
		{22E7D452-443B-47CE-A6FF-22A11D061690}.Release|Any CPU.ActiveCfg = Release|Any CPU
		{22E7D452-443B-47CE-A6FF-22A11D061690}.Release|Any CPU.Build.0 = Release|Any CPU
		{22E7D452-443B-47CE-A6FF-22A11D061690}.Release|x64.ActiveCfg = Release|Any CPU
		{22E7D452-443B-47CE-A6FF-22A11D061690}.Release|x64.Build.0 = Release|Any CPU
		{22E7D452-443B-47CE-A6FF-22A11D061690}.Release|x86.ActiveCfg = Release|Any CPU
		{22E7D452-443B-47CE-A6FF-22A11D061690}.Release|x86.Build.0 = Release|Any CPU
		{875717EF-6DBF-46BC-A236-2B50D21587FD}.Debug|Any CPU.ActiveCfg = Debug|Any CPU
		{875717EF-6DBF-46BC-A236-2B50D21587FD}.Debug|Any CPU.Build.0 = Debug|Any CPU
		{875717EF-6DBF-46BC-A236-2B50D21587FD}.Debug|x64.ActiveCfg = Debug|Any CPU
		{875717EF-6DBF-46BC-A236-2B50D21587FD}.Debug|x64.Build.0 = Debug|Any CPU
		{875717EF-6DBF-46BC-A236-2B50D21587FD}.Debug|x86.ActiveCfg = Debug|Any CPU
		{875717EF-6DBF-46BC-A236-2B50D21587FD}.Debug|x86.Build.0 = Debug|Any CPU
		{875717EF-6DBF-46BC-A236-2B50D21587FD}.Release|Any CPU.ActiveCfg = Release|Any CPU
		{875717EF-6DBF-46BC-A236-2B50D21587FD}.Release|Any CPU.Build.0 = Release|Any CPU
		{875717EF-6DBF-46BC-A236-2B50D21587FD}.Release|x64.ActiveCfg = Release|Any CPU
		{875717EF-6DBF-46BC-A236-2B50D21587FD}.Release|x64.Build.0 = Release|Any CPU
		{875717EF-6DBF-46BC-A236-2B50D21587FD}.Release|x86.ActiveCfg = Release|Any CPU
		{875717EF-6DBF-46BC-A236-2B50D21587FD}.Release|x86.Build.0 = Release|Any CPU
		{8266762D-5636-4BBF-A774-46AD2F295DCD}.Debug|Any CPU.ActiveCfg = Debug|Any CPU
		{8266762D-5636-4BBF-A774-46AD2F295DCD}.Debug|Any CPU.Build.0 = Debug|Any CPU
		{8266762D-5636-4BBF-A774-46AD2F295DCD}.Debug|x64.ActiveCfg = Debug|Any CPU
		{8266762D-5636-4BBF-A774-46AD2F295DCD}.Debug|x64.Build.0 = Debug|Any CPU
		{8266762D-5636-4BBF-A774-46AD2F295DCD}.Debug|x86.ActiveCfg = Debug|Any CPU
		{8266762D-5636-4BBF-A774-46AD2F295DCD}.Debug|x86.Build.0 = Debug|Any CPU
		{8266762D-5636-4BBF-A774-46AD2F295DCD}.Release|Any CPU.ActiveCfg = Release|Any CPU
		{8266762D-5636-4BBF-A774-46AD2F295DCD}.Release|Any CPU.Build.0 = Release|Any CPU
		{8266762D-5636-4BBF-A774-46AD2F295DCD}.Release|x64.ActiveCfg = Release|Any CPU
		{8266762D-5636-4BBF-A774-46AD2F295DCD}.Release|x64.Build.0 = Release|Any CPU
		{8266762D-5636-4BBF-A774-46AD2F295DCD}.Release|x86.ActiveCfg = Release|Any CPU
		{8266762D-5636-4BBF-A774-46AD2F295DCD}.Release|x86.Build.0 = Release|Any CPU
		{5714DBA5-CD67-4D09-9FAE-77781FC44E59}.Debug|Any CPU.ActiveCfg = Debug|Any CPU
		{5714DBA5-CD67-4D09-9FAE-77781FC44E59}.Debug|Any CPU.Build.0 = Debug|Any CPU
		{5714DBA5-CD67-4D09-9FAE-77781FC44E59}.Debug|x64.ActiveCfg = Debug|Any CPU
		{5714DBA5-CD67-4D09-9FAE-77781FC44E59}.Debug|x64.Build.0 = Debug|Any CPU
		{5714DBA5-CD67-4D09-9FAE-77781FC44E59}.Debug|x86.ActiveCfg = Debug|Any CPU
		{5714DBA5-CD67-4D09-9FAE-77781FC44E59}.Debug|x86.Build.0 = Debug|Any CPU
		{5714DBA5-CD67-4D09-9FAE-77781FC44E59}.Release|Any CPU.ActiveCfg = Release|Any CPU
		{5714DBA5-CD67-4D09-9FAE-77781FC44E59}.Release|Any CPU.Build.0 = Release|Any CPU
		{5714DBA5-CD67-4D09-9FAE-77781FC44E59}.Release|x64.ActiveCfg = Release|Any CPU
		{5714DBA5-CD67-4D09-9FAE-77781FC44E59}.Release|x64.Build.0 = Release|Any CPU
		{5714DBA5-CD67-4D09-9FAE-77781FC44E59}.Release|x86.ActiveCfg = Release|Any CPU
		{5714DBA5-CD67-4D09-9FAE-77781FC44E59}.Release|x86.Build.0 = Release|Any CPU
		{54DE33D0-BEE2-4806-A2D8-7AB1D5DCFF27}.Debug|Any CPU.ActiveCfg = Debug|Any CPU
		{54DE33D0-BEE2-4806-A2D8-7AB1D5DCFF27}.Debug|Any CPU.Build.0 = Debug|Any CPU
		{54DE33D0-BEE2-4806-A2D8-7AB1D5DCFF27}.Debug|x64.ActiveCfg = Debug|Any CPU
		{54DE33D0-BEE2-4806-A2D8-7AB1D5DCFF27}.Debug|x64.Build.0 = Debug|Any CPU
		{54DE33D0-BEE2-4806-A2D8-7AB1D5DCFF27}.Debug|x86.ActiveCfg = Debug|Any CPU
		{54DE33D0-BEE2-4806-A2D8-7AB1D5DCFF27}.Debug|x86.Build.0 = Debug|Any CPU
		{54DE33D0-BEE2-4806-A2D8-7AB1D5DCFF27}.Release|Any CPU.ActiveCfg = Release|Any CPU
		{54DE33D0-BEE2-4806-A2D8-7AB1D5DCFF27}.Release|Any CPU.Build.0 = Release|Any CPU
		{54DE33D0-BEE2-4806-A2D8-7AB1D5DCFF27}.Release|x64.ActiveCfg = Release|Any CPU
		{54DE33D0-BEE2-4806-A2D8-7AB1D5DCFF27}.Release|x64.Build.0 = Release|Any CPU
		{54DE33D0-BEE2-4806-A2D8-7AB1D5DCFF27}.Release|x86.ActiveCfg = Release|Any CPU
		{54DE33D0-BEE2-4806-A2D8-7AB1D5DCFF27}.Release|x86.Build.0 = Release|Any CPU
		{9E4C78DD-2D67-4E48-B00F-1F41FF00F94C}.Debug|Any CPU.ActiveCfg = Debug|Any CPU
		{9E4C78DD-2D67-4E48-B00F-1F41FF00F94C}.Debug|Any CPU.Build.0 = Debug|Any CPU
		{9E4C78DD-2D67-4E48-B00F-1F41FF00F94C}.Debug|x64.ActiveCfg = Debug|Any CPU
		{9E4C78DD-2D67-4E48-B00F-1F41FF00F94C}.Debug|x64.Build.0 = Debug|Any CPU
		{9E4C78DD-2D67-4E48-B00F-1F41FF00F94C}.Debug|x86.ActiveCfg = Debug|Any CPU
		{9E4C78DD-2D67-4E48-B00F-1F41FF00F94C}.Debug|x86.Build.0 = Debug|Any CPU
		{9E4C78DD-2D67-4E48-B00F-1F41FF00F94C}.Release|Any CPU.ActiveCfg = Release|Any CPU
		{9E4C78DD-2D67-4E48-B00F-1F41FF00F94C}.Release|Any CPU.Build.0 = Release|Any CPU
		{9E4C78DD-2D67-4E48-B00F-1F41FF00F94C}.Release|x64.ActiveCfg = Release|Any CPU
		{9E4C78DD-2D67-4E48-B00F-1F41FF00F94C}.Release|x64.Build.0 = Release|Any CPU
		{9E4C78DD-2D67-4E48-B00F-1F41FF00F94C}.Release|x86.ActiveCfg = Release|Any CPU
		{9E4C78DD-2D67-4E48-B00F-1F41FF00F94C}.Release|x86.Build.0 = Release|Any CPU
	EndGlobalSection
	GlobalSection(SolutionProperties) = preSolution
		HideSolutionNode = FALSE
	EndGlobalSection
	GlobalSection(NestedProjects) = preSolution
		{1230D8E2-42D3-498F-A172-D7DBB926F3D7} = {C2489B16-577C-4A9B-931E-F1B335261D7E}
		{1FBC85B2-D05A-43C1-ABAB-0DB49A9E8B15} = {C2489B16-577C-4A9B-931E-F1B335261D7E}
		{D247BEB0-6E72-44E5-9019-CAAE0A5C1D19} = {4D5750C7-B799-4074-8413-DB4046923D84}
		{22E7D452-443B-47CE-A6FF-22A11D061690} = {4D5750C7-B799-4074-8413-DB4046923D84}
		{875717EF-6DBF-46BC-A236-2B50D21587FD} = {4D5750C7-B799-4074-8413-DB4046923D84}
		{8266762D-5636-4BBF-A774-46AD2F295DCD} = {79CCC15B-CDFD-4634-BFC4-3409FA1577BE}
		{5714DBA5-CD67-4D09-9FAE-77781FC44E59} = {CDF794B0-8114-4BB0-89A7-B7D0525CB217}
		{C2489B16-577C-4A9B-931E-F1B335261D7E} = {02EA681E-C7D8-13C7-8484-4AC65E1B71E8}
		{4D5750C7-B799-4074-8413-DB4046923D84} = {02EA681E-C7D8-13C7-8484-4AC65E1B71E8}
		{D4E02D9A-2DF2-4500-95E0-5802C4EBC8A3} = {02EA681E-C7D8-13C7-8484-4AC65E1B71E8}
		{79CCC15B-CDFD-4634-BFC4-3409FA1577BE} = {D4E02D9A-2DF2-4500-95E0-5802C4EBC8A3}
		{CDF794B0-8114-4BB0-89A7-B7D0525CB217} = {D4E02D9A-2DF2-4500-95E0-5802C4EBC8A3}
		{5BAB8694-E672-488F-B67B-C946C737BC4E} = {D4E02D9A-2DF2-4500-95E0-5802C4EBC8A3}
		{E8D7151B-39DE-4587-8955-DAC434D22E2A} = {02EA681E-C7D8-13C7-8484-4AC65E1B71E8}
		{54DE33D0-BEE2-4806-A2D8-7AB1D5DCFF27} = {E8D7151B-39DE-4587-8955-DAC434D22E2A}
		{9E4C78DD-2D67-4E48-B00F-1F41FF00F94C} = {E8D7151B-39DE-4587-8955-DAC434D22E2A}
	EndGlobalSection
	GlobalSection(ExtensibilityGlobals) = postSolution
		SolutionGuid = {ECF82CB2-DB56-40EC-AEC2-04CD4E88CC56}
	EndGlobalSection
EndGlobal
